// !$*UTF8*$!
{
	archiveVersion = 1;
	classes = {
	};
	objectVersion = 50;
	objects = {

/* Begin PBXBuildFile section */
		58BB5B0A245D2D840085FBA8 /* AppDelegate.swift in Sources */ = {isa = PBXBuildFile; fileRef = 58BB5B09245D2D840085FBA8 /* AppDelegate.swift */; };
		58BB5B0C245D2D840085FBA8 /* SceneDelegate.swift in Sources */ = {isa = PBXBuildFile; fileRef = 58BB5B0B245D2D840085FBA8 /* SceneDelegate.swift */; };
		58BB5B0E245D2D840085FBA8 /* ViewController.swift in Sources */ = {isa = PBXBuildFile; fileRef = 58BB5B0D245D2D840085FBA8 /* ViewController.swift */; };
		58BB5B11245D2D840085FBA8 /* Main.storyboard in Resources */ = {isa = PBXBuildFile; fileRef = 58BB5B0F245D2D840085FBA8 /* Main.storyboard */; };
		58BB5B13245D2D860085FBA8 /* Assets.xcassets in Resources */ = {isa = PBXBuildFile; fileRef = 58BB5B12245D2D860085FBA8 /* Assets.xcassets */; };
		58BB5B16245D2D860085FBA8 /* LaunchScreen.storyboard in Resources */ = {isa = PBXBuildFile; fileRef = 58BB5B14245D2D860085FBA8 /* LaunchScreen.storyboard */; };
		58BB5B1E245D31590085FBA8 /* LocaisViagemTableViewController.swift in Sources */ = {isa = PBXBuildFile; fileRef = 58BB5B1D245D31590085FBA8 /* LocaisViagemTableViewController.swift */; };
		58EACED4246610FF00FB2F4B /* ArmazenamentoDeDados.swift in Sources */ = {isa = PBXBuildFile; fileRef = 58EACED3246610FF00FB2F4B /* ArmazenamentoDeDados.swift */; };
/* End PBXBuildFile section */

/* Begin PBXFileReference section */
		58BB5B06245D2D840085FBA8 /* Minhas viagens.app */ = {isa = PBXFileReference; explicitFileType = wrapper.application; includeInIndex = 0; path = "Minhas viagens.app"; sourceTree = BUILT_PRODUCTS_DIR; };
		58BB5B09245D2D840085FBA8 /* AppDelegate.swift */ = {isa = PBXFileReference; lastKnownFileType = sourcecode.swift; path = AppDelegate.swift; sourceTree = "<group>"; };
		58BB5B0B245D2D840085FBA8 /* SceneDelegate.swift */ = {isa = PBXFileReference; lastKnownFileType = sourcecode.swift; path = SceneDelegate.swift; sourceTree = "<group>"; };
		58BB5B0D245D2D840085FBA8 /* ViewController.swift */ = {isa = PBXFileReference; lastKnownFileType = sourcecode.swift; path = ViewController.swift; sourceTree = "<group>"; };
		58BB5B10245D2D840085FBA8 /* Base */ = {isa = PBXFileReference; lastKnownFileType = file.storyboard; name = Base; path = Base.lproj/Main.storyboard; sourceTree = "<group>"; };
		58BB5B12245D2D860085FBA8 /* Assets.xcassets */ = {isa = PBXFileReference; lastKnownFileType = folder.assetcatalog; path = Assets.xcassets; sourceTree = "<group>"; };
		58BB5B15245D2D860085FBA8 /* Base */ = {isa = PBXFileReference; lastKnownFileType = file.storyboard; name = Base; path = Base.lproj/LaunchScreen.storyboard; sourceTree = "<group>"; };
		58BB5B17245D2D860085FBA8 /* Info.plist */ = {isa = PBXFileReference; lastKnownFileType = text.plist.xml; path = Info.plist; sourceTree = "<group>"; };
		58BB5B1D245D31590085FBA8 /* LocaisViagemTableViewController.swift */ = {isa = PBXFileReference; lastKnownFileType = sourcecode.swift; path = LocaisViagemTableViewController.swift; sourceTree = "<group>"; };
		58EACED3246610FF00FB2F4B /* ArmazenamentoDeDados.swift */ = {isa = PBXFileReference; lastKnownFileType = sourcecode.swift; path = ArmazenamentoDeDados.swift; sourceTree = "<group>"; };
/* End PBXFileReference section */

/* Begin PBXFrameworksBuildPhase section */
		58BB5B03245D2D830085FBA8 /* Frameworks */ = {
			isa = PBXFrameworksBuildPhase;
			buildActionMask = 2147483647;
			files = (
			);
			runOnlyForDeploymentPostprocessing = 0;
		};
/* End PBXFrameworksBuildPhase section */

/* Begin PBXGroup section */
		58BB5AFD245D2D830085FBA8 = {
			isa = PBXGroup;
			children = (
				58BB5B08245D2D840085FBA8 /* Minhas viagens */,
				58BB5B07245D2D840085FBA8 /* Products */,
			);
			sourceTree = "<group>";
		};
		58BB5B07245D2D840085FBA8 /* Products */ = {
			isa = PBXGroup;
			children = (
				58BB5B06245D2D840085FBA8 /* Minhas viagens.app */,
			);
			name = Products;
			sourceTree = "<group>";
		};
		58BB5B08245D2D840085FBA8 /* Minhas viagens */ = {
			isa = PBXGroup;
			children = (
				58BB5B09245D2D840085FBA8 /* AppDelegate.swift */,
				58BB5B0B245D2D840085FBA8 /* SceneDelegate.swift */,
				58BB5B0D245D2D840085FBA8 /* ViewController.swift */,
				58EACED3246610FF00FB2F4B /* ArmazenamentoDeDados.swift */,
				58BB5B1D245D31590085FBA8 /* LocaisViagemTableViewController.swift */,
				58BB5B0F245D2D840085FBA8 /* Main.storyboard */,
				58BB5B12245D2D860085FBA8 /* Assets.xcassets */,
				58BB5B14245D2D860085FBA8 /* LaunchScreen.storyboard */,
				58BB5B17245D2D860085FBA8 /* Info.plist */,
			);
			path = "Minhas viagens";
			sourceTree = "<group>";
		};
/* End PBXGroup section */

/* Begin PBXNativeTarget section */
		58BB5B05245D2D830085FBA8 /* Minhas viagens */ = {
			isa = PBXNativeTarget;
			buildConfigurationList = 58BB5B1A245D2D860085FBA8 /* Build configuration list for PBXNativeTarget "Minhas viagens" */;
			buildPhases = (
				58BB5B02245D2D830085FBA8 /* Sources */,
				58BB5B03245D2D830085FBA8 /* Frameworks */,
				58BB5B04245D2D830085FBA8 /* Resources */,
			);
			buildRules = (
			);
			dependencies = (
			);
			name = "Minhas viagens";
			productName = "Minhas viagens";
			productReference = 58BB5B06245D2D840085FBA8 /* Minhas viagens.app */;
			productType = "com.apple.product-type.application";
		};
/* End PBXNativeTarget section */

/* Begin PBXProject section */
		58BB5AFE245D2D830085FBA8 /* Project object */ = {
			isa = PBXProject;
			attributes = {
				LastSwiftUpdateCheck = 1140;
				LastUpgradeCheck = 1140;
				ORGANIZATIONNAME = Victoriano;
				TargetAttributes = {
					58BB5B05245D2D830085FBA8 = {
						CreatedOnToolsVersion = 11.4.1;
					};
				};
			};
			buildConfigurationList = 58BB5B01245D2D830085FBA8 /* Build configuration list for PBXProject "Minhas viagens" */;
			compatibilityVersion = "Xcode 9.3";
			developmentRegion = en;
			hasScannedForEncodings = 0;
			knownRegions = (
				en,
				Base,
			);
			mainGroup = 58BB5AFD245D2D830085FBA8;
			productRefGroup = 58BB5B07245D2D840085FBA8 /* Products */;
			projectDirPath = "";
			projectRoot = "";
			targets = (
				58BB5B05245D2D830085FBA8 /* Minhas viagens */,
			);
		};
/* End PBXProject section */

/* Begin PBXResourcesBuildPhase section */
		58BB5B04245D2D830085FBA8 /* Resources */ = {
			isa = PBXResourcesBuildPhase;
			buildActionMask = 2147483647;
			files = (
				58BB5B16245D2D860085FBA8 /* LaunchScreen.storyboard in Resources */,
				58BB5B13245D2D860085FBA8 /* Assets.xcassets in Resources */,
				58BB5B11245D2D840085FBA8 /* Main.storyboard in Resources */,
			);
			runOnlyForDeploymentPostprocessing = 0;
		};
/* End PBXResourcesBuildPhase section */

/* Begin PBXSourcesBuildPhase section */
		58BB5B02245D2D830085FBA8 /* Sources */ = {
			isa = PBXSourcesBuildPhase;
			buildActionMask = 2147483647;
			files = (
				58EACED4246610FF00FB2F4B /* ArmazenamentoDeDados.swift in Sources */,
				58BB5B0E245D2D840085FBA8 /* ViewController.swift in Sources */,
				58BB5B0A245D2D840085FBA8 /* AppDelegate.swift in Sources */,
				58BB5B0C245D2D840085FBA8 /* SceneDelegate.swift in Sources */,
				58BB5B1E245D31590085FBA8 /* LocaisViagemTableViewController.swift in Sources */,
			);
			runOnlyForDeploymentPostprocessing = 0;
		};
/* End PBXSourcesBuildPhase section */

/* Begin PBXVariantGroup section */
		58BB5B0F245D2D840085FBA8 /* Main.storyboard */ = {
			isa = PBXVariantGroup;
			children = (
				58BB5B10245D2D840085FBA8 /* Base */,
			);
			name = Main.storyboard;
			sourceTree = "<group>";
		};
		58BB5B14245D2D860085FBA8 /* LaunchScreen.storyboard */ = {
			isa = PBXVariantGroup;
			children = (
				58BB5B15245D2D860085FBA8 /* Base */,
			);
			name = LaunchScreen.storyboard;
			sourceTree = "<group>";
		};
/* End PBXVariantGroup section */

/* Begin XCBuildConfiguration section */
		58BB5B18245D2D860085FBA8 /* Debug */ = {
			isa = XCBuildConfiguration;
			buildSettings = {
				ALWAYS_SEARCH_USER_PATHS = NO;
				CLANG_ANALYZER_NONNULL = YES;
				CLANG_ANALYZER_NUMBER_OBJECT_CONVERSION = YES_AGGRESSIVE;
				CLANG_CXX_LANGUAGE_STANDARD = "gnu++14";
				CLANG_CXX_LIBRARY = "libc++";
				CLANG_ENABLE_MODULES = YES;
				CLANG_ENABLE_OBJC_ARC = YES;
				CLANG_ENABLE_OBJC_WEAK = YES;
				CLANG_WARN_BLOCK_CAPTURE_AUTORELEASING = YES;
				CLANG_WARN_BOOL_CONVERSION = YES;
				CLANG_WARN_COMMA = YES;
				CLANG_WARN_CONSTANT_CONVERSION = YES;
				CLANG_WARN_DEPRECATED_OBJC_IMPLEMENTATIONS = YES;
				CLANG_WARN_DIRECT_OBJC_ISA_USAGE = YES_ERROR;
				CLANG_WARN_DOCUMENTATION_COMMENTS = YES;
				CLANG_WARN_EMPTY_BODY = YES;
				CLANG_WARN_ENUM_CONVERSION = YES;
				CLANG_WARN_INFINITE_RECURSION = YES;
				CLANG_WARN_INT_CONVERSION = YES;
				CLANG_WARN_NON_LITERAL_NULL_CONVERSION = YES;
				CLANG_WARN_OBJC_IMPLICIT_RETAIN_SELF = YES;
				CLANG_WARN_OBJC_LITERAL_CONVERSION = YES;
				CLANG_WARN_OBJC_ROOT_CLASS = YES_ERROR;
				CLANG_WARN_RANGE_LOOP_ANALYSIS = YES;
				CLANG_WARN_STRICT_PROTOTYPES = YES;
				CLANG_WARN_SUSPICIOUS_MOVE = YES;
				CLANG_WARN_UNGUARDED_AVAILABILITY = YES_AGGRESSIVE;
				CLANG_WARN_UNREACHABLE_CODE = YES;
				CLANG_WARN__DUPLICATE_METHOD_MATCH = YES;
				COPY_PHASE_STRIP = NO;
				DEBUG_INFORMATION_FORMAT = dwarf;
				ENABLE_STRICT_OBJC_MSGSEND = YES;
				ENABLE_TESTABILITY = YES;
				GCC_C_LANGUAGE_STANDARD = gnu11;
				GCC_DYNAMIC_NO_PIC = NO;
				GCC_NO_COMMON_BLOCKS = YES;
				GCC_OPTIMIZATION_LEVEL = 0;
				GCC_PREPROCESSOR_DEFINITIONS = (
					"DEBUG=1",
					"$(inherited)",
				);
				GCC_WARN_64_TO_32_BIT_CONVERSION = YES;
				GCC_WARN_ABOUT_RETURN_TYPE = YES_ERROR;
				GCC_WARN_UNDECLARED_SELECTOR = YES;
				GCC_WARN_UNINITIALIZED_AUTOS = YES_AGGRESSIVE;
				GCC_WARN_UNUSED_FUNCTION = YES;
				GCC_WARN_UNUSED_VARIABLE = YES;
				IPHONEOS_DEPLOYMENT_TARGET = 13.4;
				MTL_ENABLE_DEBUG_INFO = INCLUDE_SOURCE;
				MTL_FAST_MATH = YES;
				ONLY_ACTIVE_ARCH = YES;
				SDKROOT = iphoneos;
				SWIFT_ACTIVE_COMPILATION_CONDITIONS = DEBUG;
				SWIFT_OPTIMIZATION_LEVEL = "-Onone";
			};
			name = Debug;
		};
		58BB5B19245D2D860085FBA8 /* Release */ = {
			isa = XCBuildConfiguration;
			buildSettings = {
				ALWAYS_SEARCH_USER_PATHS = NO;
				CLANG_ANALYZER_NONNULL = YES;
				CLANG_ANALYZER_NUMBER_OBJECT_CONVERSION = YES_AGGRESSIVE;
				CLANG_CXX_LANGUAGE_STANDARD = "gnu++14";
				CLANG_CXX_LIBRARY = "libc++";
				CLANG_ENABLE_MODULES = YES;
				CLANG_ENABLE_OBJC_ARC = YES;
				CLANG_ENABLE_OBJC_WEAK = YES;
				CLANG_WARN_BLOCK_CAPTURE_AUTORELEASING = YES;
				CLANG_WARN_BOOL_CONVERSION = YES;
				CLANG_WARN_COMMA = YES;
				CLANG_WARN_CONSTANT_CONVERSION = YES;
				CLANG_WARN_DEPRECATED_OBJC_IMPLEMENTATIONS = YES;
				CLANG_WARN_DIRECT_OBJC_ISA_USAGE = YES_ERROR;
				CLANG_WARN_DOCUMENTATION_COMMENTS = YES;
				CLANG_WARN_EMPTY_BODY = YES;
				CLANG_WARN_ENUM_CONVERSION = YES;
				CLANG_WARN_INFINITE_RECURSION = YES;
				CLANG_WARN_INT_CONVERSION = YES;
				CLANG_WARN_NON_LITERAL_NULL_CONVERSION = YES;
				CLANG_WARN_OBJC_IMPLICIT_RETAIN_SELF = YES;
				CLANG_WARN_OBJC_LITERAL_CONVERSION = YES;
				CLANG_WARN_OBJC_ROOT_CLASS = YES_ERROR;
				CLANG_WARN_RANGE_LOOP_ANALYSIS = YES;
				CLANG_WARN_STRICT_PROTOTYPES = YES;
				CLANG_WARN_SUSPICIOUS_MOVE = YES;
				CLANG_WARN_UNGUARDED_AVAILABILITY = YES_AGGRESSIVE;
				CLANG_WARN_UNREACHABLE_CODE = YES;
				CLANG_WARN__DUPLICATE_METHOD_MATCH = YES;
				COPY_PHASE_STRIP = NO;
				DEBUG_INFORMATION_FORMAT = "dwarf-with-dsym";
				ENABLE_NS_ASSERTIONS = NO;
				ENABLE_STRICT_OBJC_MSGSEND = YES;
				GCC_C_LANGUAGE_STANDARD = gnu11;
				GCC_NO_COMMON_BLOCKS = YES;
				GCC_WARN_64_TO_32_BIT_CONVERSION = YES;
				GCC_WARN_ABOUT_RETURN_TYPE = YES_ERROR;
				GCC_WARN_UNDECLARED_SELECTOR = YES;
				GCC_WARN_UNINITIALIZED_AUTOS = YES_AGGRESSIVE;
				GCC_WARN_UNUSED_FUNCTION = YES;
				GCC_WARN_UNUSED_VARIABLE = YES;
				IPHONEOS_DEPLOYMENT_TARGET = 13.4;
				MTL_ENABLE_DEBUG_INFO = NO;
				MTL_FAST_MATH = YES;
				SDKROOT = iphoneos;
				SWIFT_COMPILATION_MODE = wholemodule;
				SWIFT_OPTIMIZATION_LEVEL = "-O";
				VALIDATE_PRODUCT = YES;
			};
			name = Release;
		};
		58BB5B1B245D2D860085FBA8 /* Debug */ = {
			isa = XCBuildConfiguration;
			buildSettings = {
				ASSETCATALOG_COMPILER_APPICON_NAME = AppIcon;
				CODE_SIGN_STYLE = Automatic;
				DEVELOPMENT_TEAM = XN3X529MWM;
				INFOPLIST_FILE = "Minhas viagens/Info.plist";
				LD_RUNPATH_SEARCH_PATHS = (
					"$(inherited)",
					"@executable_path/Frameworks",
				);
				PRODUCT_BUNDLE_IDENTIFIER = "com.victoriano.Minhas-viagens";
				PRODUCT_NAME = "$(TARGET_NAME)";
				SWIFT_VERSION = 5.0;
				TARGETED_DEVICE_FAMILY = "1,2";
			};
			name = Debug;
		};
		58BB5B1C245D2D860085FBA8 /* Release */ = {
			isa = XCBuildConfiguration;
			buildSettings = {
				ASSETCATALOG_COMPILER_APPICON_NAME = AppIcon;
				CODE_SIGN_STYLE = Automatic;
				DEVELOPMENT_TEAM = XN3X529MWM;
				INFOPLIST_FILE = "Minhas viagens/Info.plist";
				LD_RUNPATH_SEARCH_PATHS = (
					"$(inherited)",
					"@executable_path/Frameworks",
				);
				PRODUCT_BUNDLE_IDENTIFIER = "com.victoriano.Minhas-viagens";
				PRODUCT_NAME = "$(TARGET_NAME)";
				SWIFT_VERSION = 5.0;
				TARGETED_DEVICE_FAMILY = "1,2";
			};
			name = Release;
		};
/* End XCBuildConfiguration section */

/* Begin XCConfigurationList section */
		58BB5B01245D2D830085FBA8 /* Build configuration list for PBXProject "Minhas viagens" */ = {
			isa = XCConfigurationList;
			buildConfigurations = (
				58BB5B18245D2D860085FBA8 /* Debug */,
				58BB5B19245D2D860085FBA8 /* Release */,
			);
			defaultConfigurationIsVisible = 0;
			defaultConfigurationName = Release;
		};
		58BB5B1A245D2D860085FBA8 /* Build configuration list for PBXNativeTarget "Minhas viagens" */ = {
			isa = XCConfigurationList;
			buildConfigurations = (
				58BB5B1B245D2D860085FBA8 /* Debug */,
				58BB5B1C245D2D860085FBA8 /* Release */,
			);
			defaultConfigurationIsVisible = 0;
			defaultConfigurationName = Release;
		};
/* End XCConfigurationList section */
	};
	rootObject = 58BB5AFE245D2D830085FBA8 /* Project object */;
}
